
Microsoft Visual Studio Solution File, Format Version 12.00
# Visual Studio Version 17
VisualStudioVersion = 17.9.34607.119
MinimumVisualStudioVersion = 10.0.40219.1
Project("{FAE04EC0-301F-11D3-BF4B-00C04F79EFBC}") = "ELearning", "ELearning\ELearning.csproj", "{D7D56DE1-DBCB-4B77-8EDE-8422ADD5A186}"
EndProject
Global
	GlobalSection(SolutionConfigurationPlatforms) = preSolution
		Debug|Any CPU = Debug|Any CPU
		Release|Any CPU = Release|Any CPU
	EndGlobalSection
	GlobalSection(ProjectConfigurationPlatforms) = postSolution
		{D7D56DE1-DBCB-4B77-8EDE-8422ADD5A186}.Debug|Any CPU.ActiveCfg = Debug|Any CPU
		{D7D56DE1-DBCB-4B77-8EDE-8422ADD5A186}.Debug|Any CPU.Build.0 = Debug|Any CPU
		{D7D56DE1-DBCB-4B77-8EDE-8422ADD5A186}.Release|Any CPU.ActiveCfg = Release|Any CPU
		{D7D56DE1-DBCB-4B77-8EDE-8422ADD5A186}.Release|Any CPU.Build.0 = Release|Any CPU
	EndGlobalSection
	GlobalSection(SolutionProperties) = preSolution
		HideSolutionNode = FALSE
	EndGlobalSection
	GlobalSection(ExtensibilityGlobals) = postSolution
		SolutionGuid = {90A82D1E-859B-49E1-AD81-25AA9CCD19DF}
	EndGlobalSection
EndGlobal
